
Microsoft Visual Studio Solution File, Format Version 12.00
# Visual Studio Version 17
VisualStudioVersion = 17.0.32126.317
MinimumVisualStudioVersion = 10.0.40219.1
Project("{9A19103F-16F7-4668-BE54-9A1E7A4F7556}") = "CalculosFiscais", "CalculosFiscais.csproj", "{A972390C-2601-4CF7-95DF-969EB6F46D56}"
EndProject
Project("{FAE04EC0-301F-11D3-BF4B-00C04F79EFBC}") = "CalculosFiscasTestesUnit", "..\CalculosFiscasTestesUnit\CalculosFiscasTestesUnit.csproj", "{901FABE5-F460-433B-9FA5-4A8FB82D4EF3}"
EndProject
Global
	GlobalSection(SolutionConfigurationPlatforms) = preSolution
		Debug|Any CPU = Debug|Any CPU
		Release|Any CPU = Release|Any CPU
	EndGlobalSection
	GlobalSection(ProjectConfigurationPlatforms) = postSolution
		{A972390C-2601-4CF7-95DF-969EB6F46D56}.Debug|Any CPU.ActiveCfg = Debug|Any CPU
		{A972390C-2601-4CF7-95DF-969EB6F46D56}.Debug|Any CPU.Build.0 = Debug|Any CPU
		{A972390C-2601-4CF7-95DF-969EB6F46D56}.Release|Any CPU.ActiveCfg = Release|Any CPU
		{A972390C-2601-4CF7-95DF-969EB6F46D56}.Release|Any CPU.Build.0 = Release|Any CPU
		{901FABE5-F460-433B-9FA5-4A8FB82D4EF3}.Debug|Any CPU.ActiveCfg = Debug|Any CPU
		{901FABE5-F460-433B-9FA5-4A8FB82D4EF3}.Debug|Any CPU.Build.0 = Debug|Any CPU
		{901FABE5-F460-433B-9FA5-4A8FB82D4EF3}.Release|Any CPU.ActiveCfg = Release|Any CPU
		{901FABE5-F460-433B-9FA5-4A8FB82D4EF3}.Release|Any CPU.Build.0 = Release|Any CPU
	EndGlobalSection
	GlobalSection(SolutionProperties) = preSolution
		HideSolutionNode = FALSE
	EndGlobalSection
	GlobalSection(ExtensibilityGlobals) = postSolution
		SolutionGuid = {6A3CB428-1A8B-4CC5-99DE-05512E090E23}
	EndGlobalSection
EndGlobal
